
Microsoft Visual Studio Solution File, Format Version 12.00
# Visual Studio Version 17
VisualStudioVersion = 17.13.35825.156 d17.13
MinimumVisualStudioVersion = 10.0.40219.1
Project("{FAE04EC0-301F-11D3-BF4B-00C04F79EFBC}") = "ProductService", "ProductService\ProductService.csproj", "{825AA8BD-CA3F-4908-8EEA-B949A6A7DAC7}"
EndProject
Project("{FAE04EC0-301F-11D3-BF4B-00C04F79EFBC}") = "Contracts", "Contracts\Contracts.csproj", "{0E5FE015-C75C-48B9-99C6-96A0E57CBDC9}"
EndProject
Project("{FAE04EC0-301F-11D3-BF4B-00C04F79EFBC}") = "Entities", "Entities\Entities.csproj", "{41C43E16-2026-4DC1-AA24-F1F4AA13A188}"
EndProject
Project("{FAE04EC0-301F-11D3-BF4B-00C04F79EFBC}") = "ProductRepository", "ProductRepository\ProductRepository.csproj", "{7ABE6003-C92F-453D-8A9A-2EA18CF7343E}"
EndProject
Global
	GlobalSection(SolutionConfigurationPlatforms) = preSolution
		Debug|Any CPU = Debug|Any CPU
		Release|Any CPU = Release|Any CPU
	EndGlobalSection
	GlobalSection(ProjectConfigurationPlatforms) = postSolution
		{825AA8BD-CA3F-4908-8EEA-B949A6A7DAC7}.Debug|Any CPU.ActiveCfg = Debug|Any CPU
		{825AA8BD-CA3F-4908-8EEA-B949A6A7DAC7}.Debug|Any CPU.Build.0 = Debug|Any CPU
		{825AA8BD-CA3F-4908-8EEA-B949A6A7DAC7}.Release|Any CPU.ActiveCfg = Release|Any CPU
		{825AA8BD-CA3F-4908-8EEA-B949A6A7DAC7}.Release|Any CPU.Build.0 = Release|Any CPU
		{0E5FE015-C75C-48B9-99C6-96A0E57CBDC9}.Debug|Any CPU.ActiveCfg = Debug|Any CPU
		{0E5FE015-C75C-48B9-99C6-96A0E57CBDC9}.Debug|Any CPU.Build.0 = Debug|Any CPU
		{0E5FE015-C75C-48B9-99C6-96A0E57CBDC9}.Release|Any CPU.ActiveCfg = Release|Any CPU
		{0E5FE015-C75C-48B9-99C6-96A0E57CBDC9}.Release|Any CPU.Build.0 = Release|Any CPU
		{41C43E16-2026-4DC1-AA24-F1F4AA13A188}.Debug|Any CPU.ActiveCfg = Debug|Any CPU
		{41C43E16-2026-4DC1-AA24-F1F4AA13A188}.Debug|Any CPU.Build.0 = Debug|Any CPU
		{41C43E16-2026-4DC1-AA24-F1F4AA13A188}.Release|Any CPU.ActiveCfg = Release|Any CPU
		{41C43E16-2026-4DC1-AA24-F1F4AA13A188}.Release|Any CPU.Build.0 = Release|Any CPU
		{7ABE6003-C92F-453D-8A9A-2EA18CF7343E}.Debug|Any CPU.ActiveCfg = Debug|Any CPU
		{7ABE6003-C92F-453D-8A9A-2EA18CF7343E}.Debug|Any CPU.Build.0 = Debug|Any CPU
		{7ABE6003-C92F-453D-8A9A-2EA18CF7343E}.Release|Any CPU.ActiveCfg = Release|Any CPU
		{7ABE6003-C92F-453D-8A9A-2EA18CF7343E}.Release|Any CPU.Build.0 = Release|Any CPU
	EndGlobalSection
	GlobalSection(SolutionProperties) = preSolution
		HideSolutionNode = FALSE
	EndGlobalSection
	GlobalSection(ExtensibilityGlobals) = postSolution
		SolutionGuid = {FD818D4A-65FA-4553-82B1-7C9601BD1D88}
	EndGlobalSection
EndGlobal
